{
  "name": "timeline",
  "version": "1.0.0",
  "lockfileVersion": 1,
  "requires": true,
  "dependencies": {
    "vis-timeline": {
      "version": "7.4.4",
      "resolved": "https://registry.npmjs.org/vis-timeline/-/vis-timeline-7.4.4.tgz",
      "integrity": "sha512-L7SAIjMuccBl476ByskJbm4KLUIzxwflQ/zIL2WcaLgtdedyza+VLB+MVOv/RwavpdHCUY7ygLJ77cKe4dPzIg=="
    }
  }
}
